
Microsoft Visual Studio Solution File, Format Version 12.00
# Visual Studio Version 16
VisualStudioVersion = 16.0.32630.194
MinimumVisualStudioVersion = 10.0.40219.1
Project("{FAE04EC0-301F-11D3-BF4B-00C04F79EFBC}") = "ServicesDeskUCAB", "ServicesDeskUCAB.csproj", "{A4A02DBA-6D25-45AF-925F-42C71C2528C6}"
EndProject
Global
	GlobalSection(SolutionConfigurationPlatforms) = preSolution
		Debug|Any CPU = Debug|Any CPU
		Release|Any CPU = Release|Any CPU
	EndGlobalSection
	GlobalSection(ProjectConfigurationPlatforms) = postSolution
		{A4A02DBA-6D25-45AF-925F-42C71C2528C6}.Debug|Any CPU.ActiveCfg = Debug|Any CPU
		{A4A02DBA-6D25-45AF-925F-42C71C2528C6}.Debug|Any CPU.Build.0 = Debug|Any CPU
		{A4A02DBA-6D25-45AF-925F-42C71C2528C6}.Release|Any CPU.ActiveCfg = Release|Any CPU
		{A4A02DBA-6D25-45AF-925F-42C71C2528C6}.Release|Any CPU.Build.0 = Release|Any CPU
	EndGlobalSection
	GlobalSection(SolutionProperties) = preSolution
		HideSolutionNode = FALSE
	EndGlobalSection
	GlobalSection(ExtensibilityGlobals) = postSolution
		SolutionGuid = {3FA6074E-32E1-43FE-A02F-25714ECD9905}
	EndGlobalSection
EndGlobal
